
Microsoft Visual Studio Solution File, Format Version 12.00
# Visual Studio Version 17
VisualStudioVersion = 17.0.31903.59
MinimumVisualStudioVersion = 10.0.40219.1
Project("{FAE04EC0-301F-11D3-BF4B-00C04F79EFBC}") = "Problems", "Problems\Problems.csproj", "{04F4DDB4-F93C-44B9-89FF-FFE4145E0A47}"
EndProject
Project("{FAE04EC0-301F-11D3-BF4B-00C04F79EFBC}") = "ProblemsTests", "ProblemsTests\ProblemsTests.csproj", "{6E0AFD02-398C-4CC9-B43D-BE27D8C1AA5F}"
EndProject
Global
	GlobalSection(SolutionConfigurationPlatforms) = preSolution
		Debug|Any CPU = Debug|Any CPU
		Release|Any CPU = Release|Any CPU
	EndGlobalSection
	GlobalSection(SolutionProperties) = preSolution
		HideSolutionNode = FALSE
	EndGlobalSection
	GlobalSection(ProjectConfigurationPlatforms) = postSolution
		{04F4DDB4-F93C-44B9-89FF-FFE4145E0A47}.Debug|Any CPU.ActiveCfg = Debug|Any CPU
		{04F4DDB4-F93C-44B9-89FF-FFE4145E0A47}.Debug|Any CPU.Build.0 = Debug|Any CPU
		{04F4DDB4-F93C-44B9-89FF-FFE4145E0A47}.Release|Any CPU.ActiveCfg = Release|Any CPU
		{04F4DDB4-F93C-44B9-89FF-FFE4145E0A47}.Release|Any CPU.Build.0 = Release|Any CPU
		{6E0AFD02-398C-4CC9-B43D-BE27D8C1AA5F}.Debug|Any CPU.ActiveCfg = Debug|Any CPU
		{6E0AFD02-398C-4CC9-B43D-BE27D8C1AA5F}.Debug|Any CPU.Build.0 = Debug|Any CPU
		{6E0AFD02-398C-4CC9-B43D-BE27D8C1AA5F}.Release|Any CPU.ActiveCfg = Release|Any CPU
		{6E0AFD02-398C-4CC9-B43D-BE27D8C1AA5F}.Release|Any CPU.Build.0 = Release|Any CPU
	EndGlobalSection
EndGlobal
